
Microsoft Visual Studio Solution File, Format Version 12.00
# Visual Studio Version 17
VisualStudioVersion = 17.8.34322.80
MinimumVisualStudioVersion = 10.0.40219.1
Project("{F184B08F-C81C-45F6-A57F-5ABD9991F28F}") = "Registrar", "Registrar\Registrar.vbproj", "{86443C35-C126-47E4-98D4-A09A94A1749F}"
EndProject
Global
	GlobalSection(SolutionConfigurationPlatforms) = preSolution
		Debug|Any CPU = Debug|Any CPU
		Debug|x64 = Debug|x64
		Release|Any CPU = Release|Any CPU
		Release|x64 = Release|x64
	EndGlobalSection
	GlobalSection(ProjectConfigurationPlatforms) = postSolution
		{86443C35-C126-47E4-98D4-A09A94A1749F}.Debug|Any CPU.ActiveCfg = Debug|Any CPU
		{86443C35-C126-47E4-98D4-A09A94A1749F}.Debug|Any CPU.Build.0 = Debug|Any CPU
		{86443C35-C126-47E4-98D4-A09A94A1749F}.Debug|x64.ActiveCfg = Debug|x64
		{86443C35-C126-47E4-98D4-A09A94A1749F}.Debug|x64.Build.0 = Debug|x64
		{86443C35-C126-47E4-98D4-A09A94A1749F}.Release|Any CPU.ActiveCfg = Release|Any CPU
		{86443C35-C126-47E4-98D4-A09A94A1749F}.Release|Any CPU.Build.0 = Release|Any CPU
		{86443C35-C126-47E4-98D4-A09A94A1749F}.Release|x64.ActiveCfg = Release|x64
		{86443C35-C126-47E4-98D4-A09A94A1749F}.Release|x64.Build.0 = Release|x64
	EndGlobalSection
	GlobalSection(SolutionProperties) = preSolution
		HideSolutionNode = FALSE
	EndGlobalSection
	GlobalSection(ExtensibilityGlobals) = postSolution
		SolutionGuid = {667CC2C4-D6EE-4C00-83DC-13392707291A}
	EndGlobalSection
EndGlobal
